
Microsoft Visual Studio Solution File, Format Version 12.00
# Visual Studio 14
VisualStudioVersion = 14.0.25420.1
MinimumVisualStudioVersion = 10.0.40219.1
Project("{8BC9CEB8-8B4A-11D0-8D11-00A0C91BC942}") = "VirtualHID", "VirtualHID\VirtualHID.vcxproj", "{E0F911B1-FA81-4D1B-95F0-B9440784429B}"
EndProject
Project("{8BC9CEB8-8B4A-11D0-8D11-00A0C91BC942}") = "VHCommunicator", "exe\kbftest.vcxproj", "{CB35D9AC-AD35-4381-ADA4-84378289F086}"
EndProject
Project("{8BC9CEB8-8B4A-11D0-8D11-00A0C91BC942}") = "VHClib", "VHClib\VHClib.vcxproj", "{C2428835-E28B-4C00-9E88-202019F95CDD}"
EndProject
Project("{FAE04EC0-301F-11D3-BF4B-00C04F79EFBC}") = "VHClibWrapper", "Wrapper\VHClibWrapper.csproj", "{D75FA028-B7D9-47E6-B2B9-9A651EBC0109}"
EndProject
Project("{FAE04EC0-301F-11D3-BF4B-00C04F79EFBC}") = "Ffb", "Ffb\Ffb.csproj", "{9429D83F-D4E3-4E7C-A419-860B23BACAB7}"
EndProject
Project("{FAE04EC0-301F-11D3-BF4B-00C04F79EFBC}") = "AirJoy", "AirJoy\AirJoy.csproj", "{81832FD0-F0EC-4605-AB46-A4FC78C0F93E}"
EndProject
Project("{FAE04EC0-301F-11D3-BF4B-00C04F79EFBC}") = "vHidService", "vHidService\vHidService.csproj", "{410BBD5E-0F57-413F-80D5-F238BD28C071}"
EndProject
Project("{FAE04EC0-301F-11D3-BF4B-00C04F79EFBC}") = "MitsubishiPlc", "MitsubishiPlc\MitsubishiPlc.csproj", "{738E6903-96AB-4A1C-A93A-FF8374526776}"
EndProject
Global
	GlobalSection(SolutionConfigurationPlatforms) = preSolution
		Debug|Any CPU = Debug|Any CPU
		Debug|ARM = Debug|ARM
		Debug|ARM64 = Debug|ARM64
		Debug|x64 = Debug|x64
		Debug|x86 = Debug|x86
		Release|Any CPU = Release|Any CPU
		Release|ARM = Release|ARM
		Release|ARM64 = Release|ARM64
		Release|x64 = Release|x64
		Release|x86 = Release|x86
	EndGlobalSection
	GlobalSection(ProjectConfigurationPlatforms) = postSolution
		{E0F911B1-FA81-4D1B-95F0-B9440784429B}.Debug|Any CPU.ActiveCfg = Debug|Win32
		{E0F911B1-FA81-4D1B-95F0-B9440784429B}.Debug|ARM.ActiveCfg = Debug|ARM
		{E0F911B1-FA81-4D1B-95F0-B9440784429B}.Debug|ARM.Build.0 = Debug|ARM
		{E0F911B1-FA81-4D1B-95F0-B9440784429B}.Debug|ARM.Deploy.0 = Debug|ARM
		{E0F911B1-FA81-4D1B-95F0-B9440784429B}.Debug|ARM64.ActiveCfg = Debug|ARM64
		{E0F911B1-FA81-4D1B-95F0-B9440784429B}.Debug|ARM64.Build.0 = Debug|ARM64
		{E0F911B1-FA81-4D1B-95F0-B9440784429B}.Debug|ARM64.Deploy.0 = Debug|ARM64
		{E0F911B1-FA81-4D1B-95F0-B9440784429B}.Debug|x64.ActiveCfg = Debug|x64
		{E0F911B1-FA81-4D1B-95F0-B9440784429B}.Debug|x64.Build.0 = Debug|x64
		{E0F911B1-FA81-4D1B-95F0-B9440784429B}.Debug|x64.Deploy.0 = Debug|x64
		{E0F911B1-FA81-4D1B-95F0-B9440784429B}.Debug|x86.ActiveCfg = Debug|Win32
		{E0F911B1-FA81-4D1B-95F0-B9440784429B}.Debug|x86.Build.0 = Debug|Win32
		{E0F911B1-FA81-4D1B-95F0-B9440784429B}.Debug|x86.Deploy.0 = Debug|Win32
		{E0F911B1-FA81-4D1B-95F0-B9440784429B}.Release|Any CPU.ActiveCfg = Release|Win32
		{E0F911B1-FA81-4D1B-95F0-B9440784429B}.Release|ARM.ActiveCfg = Release|ARM
		{E0F911B1-FA81-4D1B-95F0-B9440784429B}.Release|ARM.Build.0 = Release|ARM
		{E0F911B1-FA81-4D1B-95F0-B9440784429B}.Release|ARM.Deploy.0 = Release|ARM
		{E0F911B1-FA81-4D1B-95F0-B9440784429B}.Release|ARM64.ActiveCfg = Release|ARM64
		{E0F911B1-FA81-4D1B-95F0-B9440784429B}.Release|ARM64.Build.0 = Release|ARM64
		{E0F911B1-FA81-4D1B-95F0-B9440784429B}.Release|ARM64.Deploy.0 = Release|ARM64
		{E0F911B1-FA81-4D1B-95F0-B9440784429B}.Release|x64.ActiveCfg = Release|x64
		{E0F911B1-FA81-4D1B-95F0-B9440784429B}.Release|x64.Build.0 = Release|x64
		{E0F911B1-FA81-4D1B-95F0-B9440784429B}.Release|x64.Deploy.0 = Release|x64
		{E0F911B1-FA81-4D1B-95F0-B9440784429B}.Release|x86.ActiveCfg = Release|Win32
		{E0F911B1-FA81-4D1B-95F0-B9440784429B}.Release|x86.Build.0 = Release|Win32
		{E0F911B1-FA81-4D1B-95F0-B9440784429B}.Release|x86.Deploy.0 = Release|Win32
		{CB35D9AC-AD35-4381-ADA4-84378289F086}.Debug|Any CPU.ActiveCfg = Debug|Win32
		{CB35D9AC-AD35-4381-ADA4-84378289F086}.Debug|ARM.ActiveCfg = Debug|Win32
		{CB35D9AC-AD35-4381-ADA4-84378289F086}.Debug|ARM64.ActiveCfg = Debug|Win32
		{CB35D9AC-AD35-4381-ADA4-84378289F086}.Debug|x64.ActiveCfg = Debug|x64
		{CB35D9AC-AD35-4381-ADA4-84378289F086}.Debug|x64.Build.0 = Debug|x64
		{CB35D9AC-AD35-4381-ADA4-84378289F086}.Debug|x86.ActiveCfg = Debug|Win32
		{CB35D9AC-AD35-4381-ADA4-84378289F086}.Debug|x86.Build.0 = Debug|Win32
		{CB35D9AC-AD35-4381-ADA4-84378289F086}.Release|Any CPU.ActiveCfg = Release|Win32
		{CB35D9AC-AD35-4381-ADA4-84378289F086}.Release|ARM.ActiveCfg = Release|Win32
		{CB35D9AC-AD35-4381-ADA4-84378289F086}.Release|ARM64.ActiveCfg = Release|Win32
		{CB35D9AC-AD35-4381-ADA4-84378289F086}.Release|x64.ActiveCfg = Release|x64
		{CB35D9AC-AD35-4381-ADA4-84378289F086}.Release|x64.Build.0 = Release|x64
		{CB35D9AC-AD35-4381-ADA4-84378289F086}.Release|x86.ActiveCfg = Release|Win32
		{CB35D9AC-AD35-4381-ADA4-84378289F086}.Release|x86.Build.0 = Release|Win32
		{C2428835-E28B-4C00-9E88-202019F95CDD}.Debug|Any CPU.ActiveCfg = Debug|Win32
		{C2428835-E28B-4C00-9E88-202019F95CDD}.Debug|ARM.ActiveCfg = Debug|Win32
		{C2428835-E28B-4C00-9E88-202019F95CDD}.Debug|ARM64.ActiveCfg = Debug|Win32
		{C2428835-E28B-4C00-9E88-202019F95CDD}.Debug|x64.ActiveCfg = Debug|x64
		{C2428835-E28B-4C00-9E88-202019F95CDD}.Debug|x64.Build.0 = Debug|x64
		{C2428835-E28B-4C00-9E88-202019F95CDD}.Debug|x86.ActiveCfg = Debug|Win32
		{C2428835-E28B-4C00-9E88-202019F95CDD}.Debug|x86.Build.0 = Debug|Win32
		{C2428835-E28B-4C00-9E88-202019F95CDD}.Release|Any CPU.ActiveCfg = Release|Win32
		{C2428835-E28B-4C00-9E88-202019F95CDD}.Release|ARM.ActiveCfg = Release|Win32
		{C2428835-E28B-4C00-9E88-202019F95CDD}.Release|ARM64.ActiveCfg = Release|Win32
		{C2428835-E28B-4C00-9E88-202019F95CDD}.Release|x64.ActiveCfg = Release|x64
		{C2428835-E28B-4C00-9E88-202019F95CDD}.Release|x64.Build.0 = Release|x64
		{C2428835-E28B-4C00-9E88-202019F95CDD}.Release|x86.ActiveCfg = Release|Win32
		{C2428835-E28B-4C00-9E88-202019F95CDD}.Release|x86.Build.0 = Release|Win32
		{D75FA028-B7D9-47E6-B2B9-9A651EBC0109}.Debug|Any CPU.ActiveCfg = Debug|Any CPU
		{D75FA028-B7D9-47E6-B2B9-9A651EBC0109}.Debug|Any CPU.Build.0 = Debug|Any CPU
		{D75FA028-B7D9-47E6-B2B9-9A651EBC0109}.Debug|ARM.ActiveCfg = Debug|Any CPU
		{D75FA028-B7D9-47E6-B2B9-9A651EBC0109}.Debug|ARM.Build.0 = Debug|Any CPU
		{D75FA028-B7D9-47E6-B2B9-9A651EBC0109}.Debug|ARM64.ActiveCfg = Debug|Any CPU
		{D75FA028-B7D9-47E6-B2B9-9A651EBC0109}.Debug|ARM64.Build.0 = Debug|Any CPU
		{D75FA028-B7D9-47E6-B2B9-9A651EBC0109}.Debug|x64.ActiveCfg = Debug|Any CPU
		{D75FA028-B7D9-47E6-B2B9-9A651EBC0109}.Debug|x64.Build.0 = Debug|Any CPU
		{D75FA028-B7D9-47E6-B2B9-9A651EBC0109}.Debug|x86.ActiveCfg = Debug|Any CPU
		{D75FA028-B7D9-47E6-B2B9-9A651EBC0109}.Debug|x86.Build.0 = Debug|Any CPU
		{D75FA028-B7D9-47E6-B2B9-9A651EBC0109}.Release|Any CPU.ActiveCfg = Release|Any CPU
		{D75FA028-B7D9-47E6-B2B9-9A651EBC0109}.Release|Any CPU.Build.0 = Release|Any CPU
		{D75FA028-B7D9-47E6-B2B9-9A651EBC0109}.Release|ARM.ActiveCfg = Release|Any CPU
		{D75FA028-B7D9-47E6-B2B9-9A651EBC0109}.Release|ARM.Build.0 = Release|Any CPU
		{D75FA028-B7D9-47E6-B2B9-9A651EBC0109}.Release|ARM64.ActiveCfg = Release|Any CPU
		{D75FA028-B7D9-47E6-B2B9-9A651EBC0109}.Release|ARM64.Build.0 = Release|Any CPU
		{D75FA028-B7D9-47E6-B2B9-9A651EBC0109}.Release|x64.ActiveCfg = Release|Any CPU
		{D75FA028-B7D9-47E6-B2B9-9A651EBC0109}.Release|x64.Build.0 = Release|Any CPU
		{D75FA028-B7D9-47E6-B2B9-9A651EBC0109}.Release|x86.ActiveCfg = Release|Any CPU
		{D75FA028-B7D9-47E6-B2B9-9A651EBC0109}.Release|x86.Build.0 = Release|Any CPU
		{9429D83F-D4E3-4E7C-A419-860B23BACAB7}.Debug|Any CPU.ActiveCfg = Debug|Any CPU
		{9429D83F-D4E3-4E7C-A419-860B23BACAB7}.Debug|Any CPU.Build.0 = Debug|Any CPU
		{9429D83F-D4E3-4E7C-A419-860B23BACAB7}.Debug|ARM.ActiveCfg = Debug|Any CPU
		{9429D83F-D4E3-4E7C-A419-860B23BACAB7}.Debug|ARM.Build.0 = Debug|Any CPU
		{9429D83F-D4E3-4E7C-A419-860B23BACAB7}.Debug|ARM64.ActiveCfg = Debug|Any CPU
		{9429D83F-D4E3-4E7C-A419-860B23BACAB7}.Debug|ARM64.Build.0 = Debug|Any CPU
		{9429D83F-D4E3-4E7C-A419-860B23BACAB7}.Debug|x64.ActiveCfg = Debug|Any CPU
		{9429D83F-D4E3-4E7C-A419-860B23BACAB7}.Debug|x64.Build.0 = Debug|Any CPU
		{9429D83F-D4E3-4E7C-A419-860B23BACAB7}.Debug|x86.ActiveCfg = Debug|Any CPU
		{9429D83F-D4E3-4E7C-A419-860B23BACAB7}.Debug|x86.Build.0 = Debug|Any CPU
		{9429D83F-D4E3-4E7C-A419-860B23BACAB7}.Release|Any CPU.ActiveCfg = Release|Any CPU
		{9429D83F-D4E3-4E7C-A419-860B23BACAB7}.Release|Any CPU.Build.0 = Release|Any CPU
		{9429D83F-D4E3-4E7C-A419-860B23BACAB7}.Release|ARM.ActiveCfg = Release|Any CPU
		{9429D83F-D4E3-4E7C-A419-860B23BACAB7}.Release|ARM.Build.0 = Release|Any CPU
		{9429D83F-D4E3-4E7C-A419-860B23BACAB7}.Release|ARM64.ActiveCfg = Release|Any CPU
		{9429D83F-D4E3-4E7C-A419-860B23BACAB7}.Release|ARM64.Build.0 = Release|Any CPU
		{9429D83F-D4E3-4E7C-A419-860B23BACAB7}.Release|x64.ActiveCfg = Release|Any CPU
		{9429D83F-D4E3-4E7C-A419-860B23BACAB7}.Release|x64.Build.0 = Release|Any CPU
		{9429D83F-D4E3-4E7C-A419-860B23BACAB7}.Release|x86.ActiveCfg = Release|Any CPU
		{9429D83F-D4E3-4E7C-A419-860B23BACAB7}.Release|x86.Build.0 = Release|Any CPU
		{81832FD0-F0EC-4605-AB46-A4FC78C0F93E}.Debug|Any CPU.ActiveCfg = Debug|Any CPU
		{81832FD0-F0EC-4605-AB46-A4FC78C0F93E}.Debug|Any CPU.Build.0 = Debug|Any CPU
		{81832FD0-F0EC-4605-AB46-A4FC78C0F93E}.Debug|ARM.ActiveCfg = Debug|Any CPU
		{81832FD0-F0EC-4605-AB46-A4FC78C0F93E}.Debug|ARM.Build.0 = Debug|Any CPU
		{81832FD0-F0EC-4605-AB46-A4FC78C0F93E}.Debug|ARM64.ActiveCfg = Debug|Any CPU
		{81832FD0-F0EC-4605-AB46-A4FC78C0F93E}.Debug|ARM64.Build.0 = Debug|Any CPU
		{81832FD0-F0EC-4605-AB46-A4FC78C0F93E}.Debug|x64.ActiveCfg = Debug|Any CPU
		{81832FD0-F0EC-4605-AB46-A4FC78C0F93E}.Debug|x64.Build.0 = Debug|Any CPU
		{81832FD0-F0EC-4605-AB46-A4FC78C0F93E}.Debug|x86.ActiveCfg = Debug|Any CPU
		{81832FD0-F0EC-4605-AB46-A4FC78C0F93E}.Debug|x86.Build.0 = Debug|Any CPU
		{81832FD0-F0EC-4605-AB46-A4FC78C0F93E}.Release|Any CPU.ActiveCfg = Release|Any CPU
		{81832FD0-F0EC-4605-AB46-A4FC78C0F93E}.Release|Any CPU.Build.0 = Release|Any CPU
		{81832FD0-F0EC-4605-AB46-A4FC78C0F93E}.Release|ARM.ActiveCfg = Release|Any CPU
		{81832FD0-F0EC-4605-AB46-A4FC78C0F93E}.Release|ARM.Build.0 = Release|Any CPU
		{81832FD0-F0EC-4605-AB46-A4FC78C0F93E}.Release|ARM64.ActiveCfg = Release|Any CPU
		{81832FD0-F0EC-4605-AB46-A4FC78C0F93E}.Release|ARM64.Build.0 = Release|Any CPU
		{81832FD0-F0EC-4605-AB46-A4FC78C0F93E}.Release|x64.ActiveCfg = Release|Any CPU
		{81832FD0-F0EC-4605-AB46-A4FC78C0F93E}.Release|x64.Build.0 = Release|Any CPU
		{81832FD0-F0EC-4605-AB46-A4FC78C0F93E}.Release|x86.ActiveCfg = Release|Any CPU
		{81832FD0-F0EC-4605-AB46-A4FC78C0F93E}.Release|x86.Build.0 = Release|Any CPU
		{410BBD5E-0F57-413F-80D5-F238BD28C071}.Debug|Any CPU.ActiveCfg = Debug|Any CPU
		{410BBD5E-0F57-413F-80D5-F238BD28C071}.Debug|Any CPU.Build.0 = Debug|Any CPU
		{410BBD5E-0F57-413F-80D5-F238BD28C071}.Debug|ARM.ActiveCfg = Debug|Any CPU
		{410BBD5E-0F57-413F-80D5-F238BD28C071}.Debug|ARM.Build.0 = Debug|Any CPU
		{410BBD5E-0F57-413F-80D5-F238BD28C071}.Debug|ARM64.ActiveCfg = Debug|Any CPU
		{410BBD5E-0F57-413F-80D5-F238BD28C071}.Debug|ARM64.Build.0 = Debug|Any CPU
		{410BBD5E-0F57-413F-80D5-F238BD28C071}.Debug|x64.ActiveCfg = Debug|Any CPU
		{410BBD5E-0F57-413F-80D5-F238BD28C071}.Debug|x64.Build.0 = Debug|Any CPU
		{410BBD5E-0F57-413F-80D5-F238BD28C071}.Debug|x86.ActiveCfg = Debug|Any CPU
		{410BBD5E-0F57-413F-80D5-F238BD28C071}.Debug|x86.Build.0 = Debug|Any CPU
		{410BBD5E-0F57-413F-80D5-F238BD28C071}.Release|Any CPU.ActiveCfg = Release|Any CPU
		{410BBD5E-0F57-413F-80D5-F238BD28C071}.Release|Any CPU.Build.0 = Release|Any CPU
		{410BBD5E-0F57-413F-80D5-F238BD28C071}.Release|ARM.ActiveCfg = Release|Any CPU
		{410BBD5E-0F57-413F-80D5-F238BD28C071}.Release|ARM.Build.0 = Release|Any CPU
		{410BBD5E-0F57-413F-80D5-F238BD28C071}.Release|ARM64.ActiveCfg = Release|Any CPU
		{410BBD5E-0F57-413F-80D5-F238BD28C071}.Release|ARM64.Build.0 = Release|Any CPU
		{410BBD5E-0F57-413F-80D5-F238BD28C071}.Release|x64.ActiveCfg = Release|Any CPU
		{410BBD5E-0F57-413F-80D5-F238BD28C071}.Release|x64.Build.0 = Release|Any CPU
		{410BBD5E-0F57-413F-80D5-F238BD28C071}.Release|x86.ActiveCfg = Release|Any CPU
		{410BBD5E-0F57-413F-80D5-F238BD28C071}.Release|x86.Build.0 = Release|Any CPU
		{738E6903-96AB-4A1C-A93A-FF8374526776}.Debug|Any CPU.ActiveCfg = Debug|Any CPU
		{738E6903-96AB-4A1C-A93A-FF8374526776}.Debug|Any CPU.Build.0 = Debug|Any CPU
		{738E6903-96AB-4A1C-A93A-FF8374526776}.Debug|ARM.ActiveCfg = Debug|Any CPU
		{738E6903-96AB-4A1C-A93A-FF8374526776}.Debug|ARM.Build.0 = Debug|Any CPU
		{738E6903-96AB-4A1C-A93A-FF8374526776}.Debug|ARM64.ActiveCfg = Debug|Any CPU
		{738E6903-96AB-4A1C-A93A-FF8374526776}.Debug|ARM64.Build.0 = Debug|Any CPU
		{738E6903-96AB-4A1C-A93A-FF8374526776}.Debug|x64.ActiveCfg = Debug|Any CPU
		{738E6903-96AB-4A1C-A93A-FF8374526776}.Debug|x64.Build.0 = Debug|Any CPU
		{738E6903-96AB-4A1C-A93A-FF8374526776}.Debug|x86.ActiveCfg = Debug|Any CPU
		{738E6903-96AB-4A1C-A93A-FF8374526776}.Debug|x86.Build.0 = Debug|Any CPU
		{738E6903-96AB-4A1C-A93A-FF8374526776}.Release|Any CPU.ActiveCfg = Release|Any CPU
		{738E6903-96AB-4A1C-A93A-FF8374526776}.Release|Any CPU.Build.0 = Release|Any CPU
		{738E6903-96AB-4A1C-A93A-FF8374526776}.Release|ARM.ActiveCfg = Release|Any CPU
		{738E6903-96AB-4A1C-A93A-FF8374526776}.Release|ARM.Build.0 = Release|Any CPU
		{738E6903-96AB-4A1C-A93A-FF8374526776}.Release|ARM64.ActiveCfg = Release|Any CPU
		{738E6903-96AB-4A1C-A93A-FF8374526776}.Release|ARM64.Build.0 = Release|Any CPU
		{738E6903-96AB-4A1C-A93A-FF8374526776}.Release|x64.ActiveCfg = Release|Any CPU
		{738E6903-96AB-4A1C-A93A-FF8374526776}.Release|x64.Build.0 = Release|Any CPU
		{738E6903-96AB-4A1C-A93A-FF8374526776}.Release|x86.ActiveCfg = Release|Any CPU
		{738E6903-96AB-4A1C-A93A-FF8374526776}.Release|x86.Build.0 = Release|Any CPU
	EndGlobalSection
	GlobalSection(SolutionProperties) = preSolution
		HideSolutionNode = FALSE
	EndGlobalSection
EndGlobal
